# THIS IS AN AUTOGENERATED FILE. DO NOT EDIT THIS FILE DIRECTLY.
# yarn lockfile v1


abbrev@1:
  version "1.1.0"
  resolved "https://registry.yarnpkg.com/abbrev/-/abbrev-1.1.0.tgz#d0554c2256636e2f56e7c2e5ad183f859428d81f"

after@^0.8.2, after@~0.8.1:
  version "0.8.2"
  resolved "https://registry.yarnpkg.com/after/-/after-0.8.2.tgz#fedb394f9f0e02aa9768e702bda23b505fae7e1f"

ansi-regex@^2.0.0:
  version "2.1.1"
  resolved "https://registry.yarnpkg.com/ansi-regex/-/ansi-regex-2.1.1.tgz#c3b33ab5ee360d86e0e628f0468ae7ef27d654df"

ansi-styles@^2.2.1:
  version "2.2.1"
  resolved "https://registry.yarnpkg.com/ansi-styles/-/ansi-styles-2.2.1.tgz#b432dd3358b634cf75e1e4664368240533c1ddbe"

ansicolors@^0.3.2:
  version "0.3.2"
  resolved "https://registry.yarnpkg.com/ansicolors/-/ansicolors-0.3.2.tgz#665597de86a9ffe3aa9bfbe6cae5c6ea426b4979"

ansicolors@~0.2.1:
  version "0.2.1"
  resolved "https://registry.yarnpkg.com/ansicolors/-/ansicolors-0.2.1.tgz#be089599097b74a5c9c4a84a0cdbcdb62bd87aef"

array-like-slice-x@^1.1.0:
  version "1.1.0"
  resolved "https://registry.yarnpkg.com/array-like-slice-x/-/array-like-slice-x-1.1.0.tgz#dc58636accdd0b22a265309f4e73890c0cb2f74e"
  dependencies:
    split-if-boxed-bug-x "^1.0.0"
    to-integer-x "^2.1.0"
    to-length-x "^2.1.0"
    to-object-x "^1.4.1"
    validate.io-undefined "^1.0.3"

attempt-x@^1.0.0, attempt-x@^1.1.0:
  version "1.1.0"
  resolved "https://registry.yarnpkg.com/attempt-x/-/attempt-x-1.1.0.tgz#49adfffdb0ae5f7a280ac0b782f8e8829ae9068c"
  dependencies:
    array-like-slice-x "^1.1.0"

balanced-match@^1.0.0:
  version "1.0.0"
  resolved "https://registry.yarnpkg.com/balanced-match/-/balanced-match-1.0.0.tgz#89b4d199ab2bee49de164ea02b89ce462d71b767"

bl@^1.1.2:
  version "1.2.1"
  resolved "https://registry.yarnpkg.com/bl/-/bl-1.2.1.tgz#cac328f7bee45730d404b692203fcb590e172d5e"
  dependencies:
    readable-stream "^2.0.5"

boganipsum@~0.1.0:
  version "0.1.0"
  resolved "https://registry.yarnpkg.com/boganipsum/-/boganipsum-0.1.0.tgz#9ab886e3018dc8efa5974041396e89a2120ad743"

brace-expansion@^1.1.7:
  version "1.1.8"
  resolved "https://registry.yarnpkg.com/brace-expansion/-/brace-expansion-1.1.8.tgz#c07b211c7c952ec1f8efd51a77ef0d1d3990a292"
  dependencies:
    balanced-match "^1.0.0"
    concat-map "0.0.1"

buffer-from@^0.1.1:
  version "0.1.1"
  resolved "https://registry.yarnpkg.com/buffer-from/-/buffer-from-0.1.1.tgz#57b18b1da0a19ec06f33837a5275a242351bd75e"
  dependencies:
    is-array-buffer-x "^1.0.13"

capture-stack-trace@^1.0.0:
  version "1.0.0"
  resolved "https://registry.yarnpkg.com/capture-stack-trace/-/capture-stack-trace-1.0.0.tgz#4a6fa07399c26bba47f0b2496b4d0fb408c5550d"

cardinal@^0.7.1:
  version "0.7.1"
  resolved "https://registry.yarnpkg.com/cardinal/-/cardinal-0.7.1.tgz#2c270cdc751c86ceaafa08459c2bb38da2a2e297"
  dependencies:
    ansicolors "~0.2.1"
    redeyed "~0.6.0"

chalk@^1.1.1, chalk@^1.1.3:
  version "1.1.3"
  resolved "https://registry.yarnpkg.com/chalk/-/chalk-1.1.3.tgz#a8115c55e4a702fe4d150abd3872822a7e09fc98"
  dependencies:
    ansi-styles "^2.2.1"
    escape-string-regexp "^1.0.2"
    has-ansi "^2.0.0"
    strip-ansi "^3.0.0"
    supports-color "^2.0.0"

charm_inheritance-fix@^1.0.1:
  version "1.0.1"
  resolved "https://registry.yarnpkg.com/charm_inheritance-fix/-/charm_inheritance-fix-1.0.1.tgz#ad981aa05cbec00855f417549496186b82a6f93a"

colors-tmpl@^1.0.0, colors-tmpl@~1.0.0:
  version "1.0.0"
  resolved "https://registry.yarnpkg.com/colors-tmpl/-/colors-tmpl-1.0.0.tgz#b60ac4af816555d9edf1ad247337eb30241b6d2e"
  dependencies:
    colors "~1.0.2"

colors@~1.0.2:
  version "1.0.3"
  resolved "https://registry.yarnpkg.com/colors/-/colors-1.0.3.tgz#0433f44d809680fdeb60ed260f1b0c262e82a40b"

combined-stream-wait-for-it@^1.1.0:
  version "1.1.0"
  resolved "https://registry.yarnpkg.com/combined-stream-wait-for-it/-/combined-stream-wait-for-it-1.1.0.tgz#e04b4ee884cd65715eac4e58ab17367a2cba4685"
  dependencies:
    delayed-stream "~1.0.0"

combined-stream@^1.0.5:
  version "1.0.5"
  resolved "https://registry.yarnpkg.com/combined-stream/-/combined-stream-1.0.5.tgz#938370a57b4a51dea2c77c15d5c5fdf895164009"
  dependencies:
    delayed-stream "~1.0.0"

commandico@^2.0.2:
  version "2.0.2"
  resolved "https://registry.yarnpkg.com/commandico/-/commandico-2.0.2.tgz#b8905c09961f794ac676ee2d607f7c0b1b50ce41"
  dependencies:
    explicit "^0.1.0"
    joi "^6.10.1"
    minimist "^1.1.1"

concat-map@0.0.1:
  version "0.0.1"
  resolved "https://registry.yarnpkg.com/concat-map/-/concat-map-0.0.1.tgz#d8a96bd77fd68df7793a73036a3ba0d5405d477b"

concat-stream@^1.5.1:
  version "1.6.0"
  resolved "https://registry.yarnpkg.com/concat-stream/-/concat-stream-1.6.0.tgz#0aac662fd52be78964d5532f694784e70110acf7"
  dependencies:
    inherits "^2.0.3"
    readable-stream "^2.2.2"
    typedarray "^0.0.6"

core-util-is@~1.0.0:
  version "1.0.2"
  resolved "https://registry.yarnpkg.com/core-util-is/-/core-util-is-1.0.2.tgz#b5fd54220aa2bc5ab57aab7140c940754503c1a7"

create-error-class@^3.0.0:
  version "3.0.2"
  resolved "https://registry.yarnpkg.com/create-error-class/-/create-error-class-3.0.2.tgz#06be7abef947a3f14a30fd610671d401bca8b7b6"
  dependencies:
    capture-stack-trace "^1.0.0"

deep-extend@~0.4.0:
  version "0.4.2"
  resolved "https://registry.yarnpkg.com/deep-extend/-/deep-extend-0.4.2.tgz#48b699c27e334bf89f10892be432f6e4c7d34a7f"

delayed-stream@~1.0.0:
  version "1.0.0"
  resolved "https://registry.yarnpkg.com/delayed-stream/-/delayed-stream-1.0.0.tgz#df3ae199acadfb7d440aaae0b29e2272b24ec619"

duplexer2@0.0.2, duplexer2@~0.0.2:
  version "0.0.2"
  resolved "https://registry.yarnpkg.com/duplexer2/-/duplexer2-0.0.2.tgz#c614dcf67e2fb14995a91711e5a617e8a60a31db"
  dependencies:
    readable-stream "~1.1.9"

duplexer3@^0.1.4:
  version "0.1.4"
  resolved "https://registry.yarnpkg.com/duplexer3/-/duplexer3-0.1.4.tgz#ee01dd1cac0ed3cbc7fdbea37dc0a8f1ce002ce2"

duplexer@^0.1.1:
  version "0.1.1"
  resolved "https://registry.yarnpkg.com/duplexer/-/duplexer-0.1.1.tgz#ace6ff808c1ce66b57d1ebf97977acb02334cfc1"

entities@^1.1.1:
  version "1.1.1"
  resolved "https://registry.yarnpkg.com/entities/-/entities-1.1.1.tgz#6e5c2d0a5621b5dadaecef80b90edfb5cd7772f0"

escape-html@^1.0.3:
  version "1.0.3"
  resolved "https://registry.yarnpkg.com/escape-html/-/escape-html-1.0.3.tgz#0258eae4d3d0c0974de1c169188ef0051d1d1988"

escape-string-regexp@^1.0.2:
  version "1.0.5"
  resolved "https://registry.yarnpkg.com/escape-string-regexp/-/escape-string-regexp-1.0.5.tgz#1b61c0562190a8dff6ae3bb2cf0200ca130b86d4"

esprima@~2.7.0:
  version "2.7.3"
  resolved "https://registry.yarnpkg.com/esprima/-/esprima-2.7.3.tgz#96e3b70d5779f6ad49cd032673d1c312767ba581"

explicit@^0.1.0:
  version "0.1.1"
  resolved "https://registry.yarnpkg.com/explicit/-/explicit-0.1.1.tgz#1ccd56c8a9350da2df37d116c125233d152f8110"
  dependencies:
    joi "^6.10.1"

extended-terminal-menu@^2.1.2:
  version "2.1.4"
  resolved "https://registry.yarnpkg.com/extended-terminal-menu/-/extended-terminal-menu-2.1.4.tgz#1a82953a439842f543b154b4631809fda32cde13"
  dependencies:
    charm_inheritance-fix "^1.0.1"
    duplexer2 "0.0.2"
    inherits "~2.0.0"
    resumer "~0.0.0"
    through2 "^0.6.3"
    wcstring "^2.1.0"

fs.realpath@^1.0.0:
  version "1.0.0"
  resolved "https://registry.yarnpkg.com/fs.realpath/-/fs.realpath-1.0.0.tgz#1504ad2523158caa40db4a2787cb01411994ea4f"

get-stream@^3.0.0:
  version "3.0.0"
  resolved "https://registry.yarnpkg.com/get-stream/-/get-stream-3.0.0.tgz#8e943d1358dc37555054ecbe2edb05aa174ede14"

glob@^7.0.5:
  version "7.1.2"
  resolved "https://registry.yarnpkg.com/glob/-/glob-7.1.2.tgz#c19c9df9a028702d678612384a6552404c636d15"
  dependencies:
    fs.realpath "^1.0.0"
    inflight "^1.0.4"
    inherits "2"
    minimatch "^3.0.4"
    once "^1.3.0"
    path-is-absolute "^1.0.0"

got@^6.7.1:
  version "6.7.1"
  resolved "https://registry.yarnpkg.com/got/-/got-6.7.1.tgz#240cd05785a9a18e561dc1b44b41c763ef1e8db0"
  dependencies:
    create-error-class "^3.0.0"
    duplexer3 "^0.1.4"
    get-stream "^3.0.0"
    is-redirect "^1.0.0"
    is-retry-allowed "^1.0.0"
    is-stream "^1.0.0"
    lowercase-keys "^1.0.0"
    safe-buffer "^5.0.1"
    timed-out "^4.0.0"
    unzip-response "^2.0.1"
    url-parse-lax "^1.0.0"

has-ansi@^2.0.0:
  version "2.0.0"
  resolved "https://registry.yarnpkg.com/has-ansi/-/has-ansi-2.0.0.tgz#34f5049ce1ecdf2b0649af3ef24e45ed35416d91"
  dependencies:
    ansi-regex "^2.0.0"

has-boxed-string-x@^1.0.1:
  version "1.0.1"
  resolved "https://registry.yarnpkg.com/has-boxed-string-x/-/has-boxed-string-x-1.0.1.tgz#a27fa1fee5f5e75340e8f428298be8f5e4ca755d"

has-own-property-x@^3.1.1:
  version "3.1.1"
  resolved "https://registry.yarnpkg.com/has-own-property-x/-/has-own-property-x-3.1.1.tgz#2156a8c7cb583b674afd051547ed30726396035f"
  dependencies:
    to-object-x "^1.4.1"
    to-property-key-x "^2.0.1"

has-symbol-support-x@^1.4.1:
  version "1.4.1"
  resolved "https://registry.yarnpkg.com/has-symbol-support-x/-/has-symbol-support-x-1.4.1.tgz#66ec2e377e0c7d7ccedb07a3a84d77510ff1bc4c"

has-to-string-tag-x@^1.4.1:
  version "1.4.1"
  resolved "https://registry.yarnpkg.com/has-to-string-tag-x/-/has-to-string-tag-x-1.4.1.tgz#a045ab383d7b4b2012a00148ab0aa5f290044d4d"
  dependencies:
    has-symbol-support-x "^1.4.1"

hoek@2.x.x:
  version "2.16.3"
  resolved "https://registry.yarnpkg.com/hoek/-/hoek-2.16.3.tgz#20bb7403d3cea398e91dc4710a8ff1b8274a25ed"

hyperquest@^2.0.0:
  version "2.1.2"
  resolved "https://registry.yarnpkg.com/hyperquest/-/hyperquest-2.1.2.tgz#95dbf6fcc74c749bae55cc39321335ddd6adc158"
  dependencies:
    buffer-from "^0.1.1"
    duplexer2 "~0.0.2"
    through2 "~0.6.3"

i18n-core@^3.0.0:
  version "3.2.0"
  resolved "https://registry.yarnpkg.com/i18n-core/-/i18n-core-3.2.0.tgz#45048ff3ea74ba2cd74da3ac57dfd19aff79784c"
  dependencies:
    escape-html "^1.0.3"

inflight@^1.0.4:
  version "1.0.6"
  resolved "https://registry.yarnpkg.com/inflight/-/inflight-1.0.6.tgz#49bd6331d7d02d0c09bc910a1075ba8165b56df9"
  dependencies:
    once "^1.3.0"
    wrappy "1"

inherits@2, inherits@^2.0.1, inherits@^2.0.3, inherits@~2.0.0, inherits@~2.0.1, inherits@~2.0.3:
  version "2.0.3"
  resolved "https://registry.yarnpkg.com/inherits/-/inherits-2.0.3.tgz#633c2c83e3da42a502f52466022480f4208261de"

ini@~1.3.0:
  version "1.3.4"
  resolved "https://registry.yarnpkg.com/ini/-/ini-1.3.4.tgz#0537cb79daf59b59a1a517dff706c86ec039162e"

is-array-buffer-x@^1.0.13:
  version "1.6.0"
  resolved "https://registry.yarnpkg.com/is-array-buffer-x/-/is-array-buffer-x-1.6.0.tgz#21da70d34fa457c1e1ad9cded98f11e7d4fbeb80"
  dependencies:
    attempt-x "^1.1.0"
    has-to-string-tag-x "^1.4.1"
    is-object-like-x "^1.5.1"
    object-get-own-property-descriptor-x "^3.1.0"
    to-string-tag-x "^1.4.1"

is-date-object@^1.0.1:
  version "1.0.1"
  resolved "https://registry.yarnpkg.com/is-date-object/-/is-date-object-1.0.1.tgz#9aa20eb6aeebbff77fbd33e74ca01b33581d3a16"

is-falsey-x@^1.0.0:
  version "1.0.0"
  resolved "https://registry.yarnpkg.com/is-falsey-x/-/is-falsey-x-1.0.0.tgz#4ad163cd7827378eb80115dadf88d8b4c893d19a"

is-finite-x@^3.0.1:
  version "3.0.1"
  resolved "https://registry.yarnpkg.com/is-finite-x/-/is-finite-x-3.0.1.tgz#5bf05a430e6b15202915d82b4eae490c191459e0"
  dependencies:
    is-nan-x "^1.0.1"

is-function-x@^3.1.1:
  version "3.1.1"
  resolved "https://registry.yarnpkg.com/is-function-x/-/is-function-x-3.1.1.tgz#36bb31e04b50e16c1d05a8376d003bfc9e27424b"
  dependencies:
    has-to-string-tag-x "^1.4.1"
    is-primitive "^2.0.0"
    normalize-space-x "^1.3.3"
    replace-comments-x "^1.0.3"
    to-string-tag-x "^1.4.1"

is-index-x@^1.0.0:
  version "1.0.0"
  resolved "https://registry.yarnpkg.com/is-index-x/-/is-index-x-1.0.0.tgz#55f022f861dbc44a862bc8ea03f6c3666fa168fc"
  dependencies:
    math-clamp-x "^1.0.0"
    max-safe-integer "^1.0.1"
    safe-to-string-x "^2.0.1"
    to-integer-x "^2.0.1"
    to-number-x "^1.0.1"

is-nan-x@^1.0.1:
  version "1.0.1"
  resolved "https://registry.yarnpkg.com/is-nan-x/-/is-nan-x-1.0.1.tgz#de747ebcc8bddeb66f367c17caca7eba843855c0"

is-nil-x@^1.4.1:
  version "1.4.1"
  resolved "https://registry.yarnpkg.com/is-nil-x/-/is-nil-x-1.4.1.tgz#bd9e7b08b4cd732f9dcbde13d93291bb2ec2e248"
  dependencies:
    lodash.isnull "^3.0.0"
    validate.io-undefined "^1.0.3"

is-object-like-x@^1.5.1:
  version "1.5.1"
  resolved "https://registry.yarnpkg.com/is-object-like-x/-/is-object-like-x-1.5.1.tgz#11a7ad9fa2ec9b75185beb1d6fe6d0006d99ee94"
  dependencies:
    is-function-x "^3.1.1"
    is-primitive "^2.0.0"

is-primitive@^2.0.0:
  version "2.0.0"
  resolved "https://registry.yarnpkg.com/is-primitive/-/is-primitive-2.0.0.tgz#207bab91638499c07b2adf240a41a87210034575"

is-redirect@^1.0.0:
  version "1.0.0"
  resolved "https://registry.yarnpkg.com/is-redirect/-/is-redirect-1.0.0.tgz#1d03dded53bd8db0f30c26e4f95d36fc7c87dc24"

is-retry-allowed@^1.0.0:
  version "1.1.0"
  resolved "https://registry.yarnpkg.com/is-retry-allowed/-/is-retry-allowed-1.1.0.tgz#11a060568b67339444033d0125a61a20d564fb34"

is-stream@^1.0.0:
  version "1.1.0"
  resolved "https://registry.yarnpkg.com/is-stream/-/is-stream-1.1.0.tgz#12d4a3dd4e68e0b79ceb8dbc84173ae80d91ca44"

is-string@^1.0.4:
  version "1.0.4"
  resolved "https://registry.yarnpkg.com/is-string/-/is-string-1.0.4.tgz#cc3a9b69857d621e963725a24caeec873b826e64"

is-symbol@^1.0.1:
  version "1.0.1"
  resolved "https://registry.yarnpkg.com/is-symbol/-/is-symbol-1.0.1.tgz#3cc59f00025194b6ab2e38dbae6689256b660572"

isarray@0.0.1:
  version "0.0.1"
  resolved "https://registry.yarnpkg.com/isarray/-/isarray-0.0.1.tgz#8a18acfca9a8f4177e09abfc6038939b05d1eedf"

isarray@~1.0.0:
  version "1.0.0"
  resolved "https://registry.yarnpkg.com/isarray/-/isarray-1.0.0.tgz#bb935d48582cba168c06834957a54a3e07124f11"

isemail@1.x.x:
  version "1.2.0"
  resolved "https://registry.yarnpkg.com/isemail/-/isemail-1.2.0.tgz#be03df8cc3e29de4d2c5df6501263f1fa4595e9a"

joi@^6.10.1:
  version "6.10.1"
  resolved "https://registry.yarnpkg.com/joi/-/joi-6.10.1.tgz#4d50c318079122000fe5f16af1ff8e1917b77e06"
  dependencies:
    hoek "2.x.x"
    isemail "1.x.x"
    moment "2.x.x"
    topo "1.x.x"

latest-version@^3.0.0:
  version "3.1.0"
  resolved "https://registry.yarnpkg.com/latest-version/-/latest-version-3.1.0.tgz#a205383fea322b33b5ae3b18abee0dc2f356ee15"
  dependencies:
    package-json "^4.0.0"

learnyounode@^3.5.10:
  version "3.5.10"
  resolved "https://registry.yarnpkg.com/learnyounode/-/learnyounode-3.5.10.tgz#9d7ca83554df0f5b7a2cdbce04abe81a9938c239"
  dependencies:
    after "~0.8.1"
    bl "^1.1.2"
    boganipsum "~0.1.0"
    colors-tmpl "^1.0.0"
    combined-stream "^1.0.5"
    concat-stream "^1.5.1"
    duplexer "^0.1.1"
    hyperquest "^2.0.0"
    rimraf "^2.5.4"
    through "^2.3.8"
    through2 "^2.0.1"
    through2-map "^3.0.0"
    workshopper-adventure "^6.0.0"
    workshopper-exercise "^3.0.1"
    workshopper-wrappedexec "~0.1.1"

lodash.isnull@^3.0.0:
  version "3.0.0"
  resolved "https://registry.yarnpkg.com/lodash.isnull/-/lodash.isnull-3.0.0.tgz#fafbe59ea1dca27eed786534039dd84c2e07c56e"

lowercase-keys@^1.0.0:
  version "1.0.0"
  resolved "https://registry.yarnpkg.com/lowercase-keys/-/lowercase-keys-1.0.0.tgz#4e3366b39e7f5457e35f1324bdf6f88d0bfc7306"

marked@^0.3.5:
  version "0.3.6"
  resolved "https://registry.yarnpkg.com/marked/-/marked-0.3.6.tgz#b2c6c618fccece4ef86c4fc6cb8a7cbf5aeda8d7"

math-clamp-x@^1.0.0:
  version "1.1.0"
  resolved "https://registry.yarnpkg.com/math-clamp-x/-/math-clamp-x-1.1.0.tgz#0ed0685a64e6179effe4ec2646f58a1fe695514c"
  dependencies:
    to-number-x "^1.1.0"

math-sign-x@^2.1.0:
  version "2.1.0"
  resolved "https://registry.yarnpkg.com/math-sign-x/-/math-sign-x-2.1.0.tgz#1be7ae9ed89b976e007d0ef36b28c5db6fef430c"
  dependencies:
    is-nan-x "^1.0.1"
    to-number-x "^1.1.0"

max-safe-integer@^1.0.1:
  version "1.0.1"
  resolved "https://registry.yarnpkg.com/max-safe-integer/-/max-safe-integer-1.0.1.tgz#f38060be2c563d8c02e6d48af39122fd83b6f410"

minimatch@^3.0.4:
  version "3.0.4"
  resolved "https://registry.yarnpkg.com/minimatch/-/minimatch-3.0.4.tgz#5166e286457f03306064be5497e8dbb0c3d32083"
  dependencies:
    brace-expansion "^1.1.7"

minimist@0.0.8:
  version "0.0.8"
  resolved "https://registry.yarnpkg.com/minimist/-/minimist-0.0.8.tgz#857fcabfc3397d2625b8228262e86aa7a011b05d"

minimist@^1.1.1, minimist@^1.2.0:
  version "1.2.0"
  resolved "https://registry.yarnpkg.com/minimist/-/minimist-1.2.0.tgz#a35008b20f41383eec1fb914f4cd5df79a264284"

mkdirp@^0.5.1:
  version "0.5.1"
  resolved "https://registry.yarnpkg.com/mkdirp/-/mkdirp-0.5.1.tgz#30057438eac6cf7f8c4767f38648d6697d75c903"
  dependencies:
    minimist "0.0.8"

moment@2.x.x:
  version "2.18.1"
  resolved "https://registry.yarnpkg.com/moment/-/moment-2.18.1.tgz#c36193dd3ce1c2eed2adb7c802dbbc77a81b1c0f"

msee@^0.3.2:
  version "0.3.3"
  resolved "https://registry.yarnpkg.com/msee/-/msee-0.3.3.tgz#be36b6d08eb5e2548a7b1dda7a0d45b6888eeced"
  dependencies:
    ansi-regex "^2.0.0"
    ansicolors "^0.3.2"
    cardinal "^0.7.1"
    chalk "^1.1.1"
    combined-stream-wait-for-it "^1.1.0"
    entities "^1.1.1"
    marked "^0.3.5"
    nopt "^3.0.4"
    table-header "^0.2.2"
    text-table "^0.2.0"
    through2 "^2.0.3"
    wcstring "^2.1.0"
    xtend "^4.0.0"

nopt@^3.0.4:
  version "3.0.6"
  resolved "https://registry.yarnpkg.com/nopt/-/nopt-3.0.6.tgz#c6465dbf08abcd4db359317f79ac68a646b28ff9"
  dependencies:
    abbrev "1"

normalize-space-x@^1.3.3:
  version "1.3.3"
  resolved "https://registry.yarnpkg.com/normalize-space-x/-/normalize-space-x-1.3.3.tgz#8bdad9df8b79d5844219d7bd0daae010ea6c200c"
  dependencies:
    trim-x "^1.0.3"
    white-space-x "^2.0.3"

object-get-own-property-descriptor-x@^3.1.0:
  version "3.1.0"
  resolved "https://registry.yarnpkg.com/object-get-own-property-descriptor-x/-/object-get-own-property-descriptor-x-3.1.0.tgz#818947b3a861c4bcc71dcadac02a1d1bd09df521"
  dependencies:
    attempt-x "^1.0.0"
    has-own-property-x "^3.1.1"
    has-symbol-support-x "^1.4.1"
    is-falsey-x "^1.0.0"
    is-index-x "^1.0.0"
    is-primitive "^2.0.0"
    is-string "^1.0.4"
    property-is-enumerable-x "^1.0.1"
    to-object-x "^1.4.1"
    to-property-key-x "^2.0.1"

object-keys@~0.4.0:
  version "0.4.0"
  resolved "https://registry.yarnpkg.com/object-keys/-/object-keys-0.4.0.tgz#28a6aae7428dd2c3a92f3d95f21335dd204e0336"

once@^1.3.0:
  version "1.4.0"
  resolved "https://registry.yarnpkg.com/once/-/once-1.4.0.tgz#583b1aa775961d4b113ac17d9c50baef9dd76bd1"
  dependencies:
    wrappy "1"

package-json@^4.0.0:
  version "4.0.1"
  resolved "https://registry.yarnpkg.com/package-json/-/package-json-4.0.1.tgz#8869a0401253661c4c4ca3da6c2121ed555f5eed"
  dependencies:
    got "^6.7.1"
    registry-auth-token "^3.0.1"
    registry-url "^3.0.3"
    semver "^5.1.0"

path-is-absolute@^1.0.0:
  version "1.0.1"
  resolved "https://registry.yarnpkg.com/path-is-absolute/-/path-is-absolute-1.0.1.tgz#174b9268735534ffbc7ace6bf53a5a9e1b5c5f5f"

prepend-http@^1.0.1:
  version "1.0.4"
  resolved "https://registry.yarnpkg.com/prepend-http/-/prepend-http-1.0.4.tgz#d4f4562b0ce3696e41ac52d0e002e57a635dc6dc"

process-nextick-args@~1.0.6:
  version "1.0.7"
  resolved "https://registry.yarnpkg.com/process-nextick-args/-/process-nextick-args-1.0.7.tgz#150e20b756590ad3f91093f25a4f2ad8bff30ba3"

property-is-enumerable-x@^1.0.1:
  version "1.1.0"
  resolved "https://registry.yarnpkg.com/property-is-enumerable-x/-/property-is-enumerable-x-1.1.0.tgz#7ca48917476cd0914b37809bfd05776a0d942f6f"
  dependencies:
    to-object-x "^1.4.1"
    to-property-key-x "^2.0.1"

rc@^1.0.1, rc@^1.1.6:
  version "1.2.1"
  resolved "https://registry.yarnpkg.com/rc/-/rc-1.2.1.tgz#2e03e8e42ee450b8cb3dce65be1bf8974e1dfd95"
  dependencies:
    deep-extend "~0.4.0"
    ini "~1.3.0"
    minimist "^1.2.0"
    strip-json-comments "~2.0.1"

"readable-stream@>=1.0.33-1 <1.1.0-0":
  version "1.0.34"
  resolved "https://registry.yarnpkg.com/readable-stream/-/readable-stream-1.0.34.tgz#125820e34bc842d2f2aaafafe4c2916ee32c157c"
  dependencies:
    core-util-is "~1.0.0"
    inherits "~2.0.1"
    isarray "0.0.1"
    string_decoder "~0.10.x"

readable-stream@^2.0.5, readable-stream@^2.1.0, readable-stream@^2.1.5, readable-stream@^2.2.2:
  version "2.3.3"
  resolved "https://registry.yarnpkg.com/readable-stream/-/readable-stream-2.3.3.tgz#368f2512d79f9d46fdfc71349ae7878bbc1eb95c"
  dependencies:
    core-util-is "~1.0.0"
    inherits "~2.0.3"
    isarray "~1.0.0"
    process-nextick-args "~1.0.6"
    safe-buffer "~5.1.1"
    string_decoder "~1.0.3"
    util-deprecate "~1.0.1"

readable-stream@~1.1.9:
  version "1.1.14"
  resolved "https://registry.yarnpkg.com/readable-stream/-/readable-stream-1.1.14.tgz#7cf4c54ef648e3813084c636dd2079e166c081d9"
  dependencies:
    core-util-is "~1.0.0"
    inherits "~2.0.1"
    isarray "0.0.1"
    string_decoder "~0.10.x"

redeyed@~0.6.0:
  version "0.6.0"
  resolved "https://registry.yarnpkg.com/redeyed/-/redeyed-0.6.0.tgz#692a2f765fecab433549edd439a7684aab67f789"
  dependencies:
    esprima "~2.7.0"

registry-auth-token@^3.0.1:
  version "3.3.1"
  resolved "https://registry.yarnpkg.com/registry-auth-token/-/registry-auth-token-3.3.1.tgz#fb0d3289ee0d9ada2cbb52af5dfe66cb070d3006"
  dependencies:
    rc "^1.1.6"
    safe-buffer "^5.0.1"

registry-url@^3.0.3:
  version "3.1.0"
  resolved "https://registry.yarnpkg.com/registry-url/-/registry-url-3.1.0.tgz#3d4ef870f73dde1d77f0cf9a381432444e174942"
  dependencies:
    rc "^1.0.1"

repeat-string@^1.5.2:
  version "1.6.1"
  resolved "https://registry.yarnpkg.com/repeat-string/-/repeat-string-1.6.1.tgz#8dcae470e1c88abc2d600fff4a776286da75e637"

replace-comments-x@^1.0.3:
  version "1.0.3"
  resolved "https://registry.yarnpkg.com/replace-comments-x/-/replace-comments-x-1.0.3.tgz#5f8edaf94556de0b51fc764f4e96556f9046fc5c"
  dependencies:
    is-string "^1.0.4"

require-object-coercible-x@^1.4.1:
  version "1.4.1"
  resolved "https://registry.yarnpkg.com/require-object-coercible-x/-/require-object-coercible-x-1.4.1.tgz#75b9fb5bda2d15cf705a5714f108e8b40ca3eb2e"
  dependencies:
    is-nil-x "^1.4.1"

resumer@~0.0.0:
  version "0.0.0"
  resolved "https://registry.yarnpkg.com/resumer/-/resumer-0.0.0.tgz#f1e8f461e4064ba39e82af3cdc2a8c893d076759"
  dependencies:
    through "~2.3.4"

rimraf@^2.5.4:
  version "2.6.2"
  resolved "https://registry.yarnpkg.com/rimraf/-/rimraf-2.6.2.tgz#2ed8150d24a16ea8651e6d6ef0f47c4158ce7a36"
  dependencies:
    glob "^7.0.5"

safe-buffer@^5.0.1, safe-buffer@~5.1.0, safe-buffer@~5.1.1:
  version "5.1.1"
  resolved "https://registry.yarnpkg.com/safe-buffer/-/safe-buffer-5.1.1.tgz#893312af69b2123def71f57889001671eeb2c853"

safe-to-string-x@^2.0.1:
  version "2.0.1"
  resolved "https://registry.yarnpkg.com/safe-to-string-x/-/safe-to-string-x-2.0.1.tgz#2cb0ce5eccf9279cb5460bd845f975527525252d"
  dependencies:
    has-symbol-support-x "^1.4.1"
    is-symbol "^1.0.1"
    to-string-x "^1.4.1"

semver@^5.1.0:
  version "5.4.1"
  resolved "https://registry.yarnpkg.com/semver/-/semver-5.4.1.tgz#e059c09d8571f0540823733433505d3a2f00b18e"

simple-terminal-menu@^1.1.3:
  version "1.1.3"
  resolved "https://registry.yarnpkg.com/simple-terminal-menu/-/simple-terminal-menu-1.1.3.tgz#6a9aa6b1c41df53fc0b020780c764dbcdec481ff"
  dependencies:
    chalk "^1.1.1"
    extended-terminal-menu "^2.1.2"
    wcstring "^2.1.0"
    xtend "^4.0.0"

split-if-boxed-bug-x@^1.0.0:
  version "1.0.0"
  resolved "https://registry.yarnpkg.com/split-if-boxed-bug-x/-/split-if-boxed-bug-x-1.0.0.tgz#4618ed27a5d892f37899826112734b8354ed639c"
  dependencies:
    has-boxed-string-x "^1.0.1"
    is-string "^1.0.4"

split@^1.0.0:
  version "1.0.1"
  resolved "https://registry.yarnpkg.com/split/-/split-1.0.1.tgz#605bd9be303aa59fb35f9229fbea0ddec9ea07d9"
  dependencies:
    through "2"

string-to-stream@^1.1.0:
  version "1.1.0"
  resolved "https://registry.yarnpkg.com/string-to-stream/-/string-to-stream-1.1.0.tgz#acf2c9ead1c418e148509a12d2cbb469f333a218"
  dependencies:
    inherits "^2.0.1"
    readable-stream "^2.1.0"

string_decoder@~0.10.x:
  version "0.10.31"
  resolved "https://registry.yarnpkg.com/string_decoder/-/string_decoder-0.10.31.tgz#62e203bc41766c6c28c9fc84301dab1c5310fa94"

string_decoder@~1.0.3:
  version "1.0.3"
  resolved "https://registry.yarnpkg.com/string_decoder/-/string_decoder-1.0.3.tgz#0fc67d7c141825de94282dd536bec6b9bce860ab"
  dependencies:
    safe-buffer "~5.1.0"

strip-ansi@^3.0.0:
  version "3.0.1"
  resolved "https://registry.yarnpkg.com/strip-ansi/-/strip-ansi-3.0.1.tgz#6a385fb8853d952d5ff05d0e8aaf94278dc63dcf"
  dependencies:
    ansi-regex "^2.0.0"

strip-json-comments@~2.0.1:
  version "2.0.1"
  resolved "https://registry.yarnpkg.com/strip-json-comments/-/strip-json-comments-2.0.1.tgz#3c531942e908c2697c0ec344858c286c7ca0a60a"

supports-color@^2.0.0:
  version "2.0.0"
  resolved "https://registry.yarnpkg.com/supports-color/-/supports-color-2.0.0.tgz#535d045ce6b6363fa40117084629995e9df324c7"

table-header@^0.2.2:
  version "0.2.2"
  resolved "https://registry.yarnpkg.com/table-header/-/table-header-0.2.2.tgz#7c9adb420ea569fb4717de5d8f5c4514804d2c0a"
  dependencies:
    repeat-string "^1.5.2"

text-table@^0.2.0:
  version "0.2.0"
  resolved "https://registry.yarnpkg.com/text-table/-/text-table-0.2.0.tgz#7f5ee823ae805207c00af2df4a84ec3fcfa570b4"

through2-map@^3.0.0:
  version "3.0.0"
  resolved "https://registry.yarnpkg.com/through2-map/-/through2-map-3.0.0.tgz#a6c3026ce63b4898a997d540506b66ffd970f271"
  dependencies:
    through2 "~2.0.0"
    xtend "^4.0.0"

through2@^0.6.3, through2@~0.6.3:
  version "0.6.5"
  resolved "https://registry.yarnpkg.com/through2/-/through2-0.6.5.tgz#41ab9c67b29d57209071410e1d7a7a968cd3ad48"
  dependencies:
    readable-stream ">=1.0.33-1 <1.1.0-0"
    xtend ">=4.0.0 <4.1.0-0"

through2@^2.0.0, through2@^2.0.1, through2@^2.0.3, through2@~2.0.0:
  version "2.0.3"
  resolved "https://registry.yarnpkg.com/through2/-/through2-2.0.3.tgz#0004569b37c7c74ba39c43f3ced78d1ad94140be"
  dependencies:
    readable-stream "^2.1.5"
    xtend "~4.0.1"

through@2, through@^2.3.8, through@~2.3.4:
  version "2.3.8"
  resolved "https://registry.yarnpkg.com/through/-/through-2.3.8.tgz#0dd4c9ffaabc357960b1b724115d7e0e86a2e1f5"

timed-out@^4.0.0:
  version "4.0.1"
  resolved "https://registry.yarnpkg.com/timed-out/-/timed-out-4.0.1.tgz#f32eacac5a175bea25d7fab565ab3ed8741ef56f"

to-integer-x@^2.0.1, to-integer-x@^2.1.0:
  version "2.1.0"
  resolved "https://registry.yarnpkg.com/to-integer-x/-/to-integer-x-2.1.0.tgz#59ea231e23e0e934e2a8944d4555e8616e87d8c5"
  dependencies:
    is-finite-x "^3.0.1"
    is-nan-x "^1.0.1"
    math-sign-x "^2.1.0"
    to-number-x "^1.1.0"

to-length-x@^2.1.0:
  version "2.1.0"
  resolved "https://registry.yarnpkg.com/to-length-x/-/to-length-x-2.1.0.tgz#1d50575eaf1491d8b0ab8a46bcb0fcec4823c6bc"
  dependencies:
    max-safe-integer "^1.0.1"
    to-integer-x "^2.1.0"

to-number-x@^1.0.1, to-number-x@^1.1.0:
  version "1.1.0"
  resolved "https://registry.yarnpkg.com/to-number-x/-/to-number-x-1.1.0.tgz#781c605f6d98cd671c08d5efd5885c43476342f7"
  dependencies:
    to-primitive-x "^1.0.1"
    trim-x "^1.0.3"

to-object-x@^1.4.1:
  version "1.4.1"
  resolved "https://registry.yarnpkg.com/to-object-x/-/to-object-x-1.4.1.tgz#f3d0ad47ecd59aeb4eedfae7918de5885685e0e6"
  dependencies:
    require-object-coercible-x "^1.4.1"

to-primitive-x@^1.0.1:
  version "1.0.1"
  resolved "https://registry.yarnpkg.com/to-primitive-x/-/to-primitive-x-1.0.1.tgz#9618eb6e909288017bd370c1f33c490094cf63c0"
  dependencies:
    has-symbol-support-x "^1.4.1"
    is-date-object "^1.0.1"
    is-function-x "^3.1.1"
    is-nil-x "^1.4.1"
    is-primitive "^2.0.0"
    is-symbol "^1.0.1"
    require-object-coercible-x "^1.4.1"
    validate.io-undefined "^1.0.3"

to-property-key-x@^2.0.1:
  version "2.0.1"
  resolved "https://registry.yarnpkg.com/to-property-key-x/-/to-property-key-x-2.0.1.tgz#2a9657d3e90f86c9304ac09025df5c8c8251e3f5"
  dependencies:
    has-symbol-support-x "^1.4.1"
    to-primitive-x "^1.0.1"
    to-string-x "^1.4.1"

to-string-tag-x@^1.4.1:
  version "1.4.1"
  resolved "https://registry.yarnpkg.com/to-string-tag-x/-/to-string-tag-x-1.4.1.tgz#c59a8d389e1d3180a2342f86b83c0cce3264f34e"
  dependencies:
    lodash.isnull "^3.0.0"
    validate.io-undefined "^1.0.3"

to-string-x@^1.4.1:
  version "1.4.1"
  resolved "https://registry.yarnpkg.com/to-string-x/-/to-string-x-1.4.1.tgz#fd4a07708be58709c8127d595681176cb2a4de3c"
  dependencies:
    is-symbol "^1.0.1"

topo@1.x.x:
  version "1.1.0"
  resolved "https://registry.yarnpkg.com/topo/-/topo-1.1.0.tgz#e9d751615d1bb87dc865db182fa1ca0a5ef536d5"
  dependencies:
    hoek "2.x.x"

trim-left-x@^1.3.5:
  version "1.3.5"
  resolved "https://registry.yarnpkg.com/trim-left-x/-/trim-left-x-1.3.5.tgz#8ec17d8cb1772a76f5e7cdee03637be11e8d5bff"
  dependencies:
    to-string-x "^1.4.1"
    white-space-x "^2.0.3"

trim-right-x@^1.3.3:
  version "1.3.3"
  resolved "https://registry.yarnpkg.com/trim-right-x/-/trim-right-x-1.3.3.tgz#affa619e9e777a5ef89c3e5edb0423199c18db98"
  dependencies:
    to-string-x "^1.4.1"
    white-space-x "^2.0.3"

trim-x@^1.0.3:
  version "1.0.3"
  resolved "https://registry.yarnpkg.com/trim-x/-/trim-x-1.0.3.tgz#b213d816f6b4abd2833cbe9829fd50e94345ca42"
  dependencies:
    trim-left-x "^1.3.5"
    trim-right-x "^1.3.3"

tuple-stream@0.0.2:
  version "0.0.2"
  resolved "https://registry.yarnpkg.com/tuple-stream/-/tuple-stream-0.0.2.tgz#f91f6fb1bafde1ebd797cf6003378ebc3870b933"
  dependencies:
    through "~2.3.4"

typedarray@^0.0.6:
  version "0.0.6"
  resolved "https://registry.yarnpkg.com/typedarray/-/typedarray-0.0.6.tgz#867ac74e3864187b1d3d47d996a78ec5c8830777"

unzip-response@^2.0.1:
  version "2.0.1"
  resolved "https://registry.yarnpkg.com/unzip-response/-/unzip-response-2.0.1.tgz#d2f0f737d16b0615e72a6935ed04214572d56f97"

url-parse-lax@^1.0.0:
  version "1.0.0"
  resolved "https://registry.yarnpkg.com/url-parse-lax/-/url-parse-lax-1.0.0.tgz#7af8f303645e9bd79a272e7a14ac68bc0609da73"
  dependencies:
    prepend-http "^1.0.1"

util-deprecate@~1.0.1:
  version "1.0.2"
  resolved "https://registry.yarnpkg.com/util-deprecate/-/util-deprecate-1.0.2.tgz#450d4dc9fa70de732762fbd2d4a28981419a0ccf"

validate.io-undefined@^1.0.3:
  version "1.0.3"
  resolved "https://registry.yarnpkg.com/validate.io-undefined/-/validate.io-undefined-1.0.3.tgz#7e27fcbb315b841e78243431897671929e20b7f4"

varsize-string@^2.2.1:
  version "2.2.2"
  resolved "https://registry.yarnpkg.com/varsize-string/-/varsize-string-2.2.2.tgz#ef1b3b6c72db0835ea2f84cdf91fec30c520688b"

wcsize@^1.0.0:
  version "1.0.0"
  resolved "https://registry.yarnpkg.com/wcsize/-/wcsize-1.0.0.tgz#a8a2e15e6a8a74791dba580f69a57d27e850ea1e"

wcstring@^2.1.0:
  version "2.1.1"
  resolved "https://registry.yarnpkg.com/wcstring/-/wcstring-2.1.1.tgz#ded52d745c9c71e24d0a489d2826d22a365ed067"
  dependencies:
    varsize-string "^2.2.1"
    wcsize "^1.0.0"

white-space-x@^2.0.3:
  version "2.0.3"
  resolved "https://registry.yarnpkg.com/white-space-x/-/white-space-x-2.0.3.tgz#d8af2a54e2e16f78abe5ff1811d5e9d4190c60d6"

workshopper-adventure-storage@^3.0.0:
  version "3.0.0"
  resolved "https://registry.yarnpkg.com/workshopper-adventure-storage/-/workshopper-adventure-storage-3.0.0.tgz#0174c5b2f7b80d72c91bc529bfbd07f479c263a0"
  dependencies:
    mkdirp "^0.5.1"
    rimraf "^2.5.4"

workshopper-adventure@^6.0.0:
  version "6.0.2"
  resolved "https://registry.yarnpkg.com/workshopper-adventure/-/workshopper-adventure-6.0.2.tgz#4cb5c3236d29fe1ad0d671f1b24ebc9595d12f5f"
  dependencies:
    after "^0.8.2"
    chalk "^1.1.3"
    colors-tmpl "~1.0.0"
    combined-stream-wait-for-it "^1.1.0"
    commandico "^2.0.2"
    i18n-core "^3.0.0"
    latest-version "^3.0.0"
    msee "^0.3.2"
    simple-terminal-menu "^1.1.3"
    split "^1.0.0"
    string-to-stream "^1.1.0"
    through2 "^2.0.3"
    workshopper-adventure-storage "^3.0.0"

workshopper-exercise@^3.0.1:
  version "3.0.1"
  resolved "https://registry.yarnpkg.com/workshopper-exercise/-/workshopper-exercise-3.0.1.tgz#34557bd60afaed7cf0f874dcbdf16d2b07eb59a9"
  dependencies:
    after "~0.8.1"
    chalk "^1.1.1"
    i18n-core "^3.0.0"
    split "^1.0.0"
    through2 "^2.0.0"
    tuple-stream "0.0.2"
    wcstring "^2.1.0"
    xtend "^4.0.1"

workshopper-wrappedexec@~0.1.1:
  version "0.1.3"
  resolved "https://registry.yarnpkg.com/workshopper-wrappedexec/-/workshopper-wrappedexec-0.1.3.tgz#2dde150c1a898f08e629cf8417fb79f20569bdd1"
  dependencies:
    after "~0.8.1"
    xtend "~2.1.2"

wrappy@1:
  version "1.0.2"
  resolved "https://registry.yarnpkg.com/wrappy/-/wrappy-1.0.2.tgz#b5243d8f3ec1aa35f1364605bc0d1036e30ab69f"

"xtend@>=4.0.0 <4.1.0-0", xtend@^4.0.0, xtend@^4.0.1, xtend@~4.0.1:
  version "4.0.1"
  resolved "https://registry.yarnpkg.com/xtend/-/xtend-4.0.1.tgz#a5c6d532be656e23db820efb943a1f04998d63af"

xtend@~2.1.2:
  version "2.1.2"
  resolved "https://registry.yarnpkg.com/xtend/-/xtend-2.1.2.tgz#6efecc2a4dad8e6962c4901b337ce7ba87b5d28b"
  dependencies:
    object-keys "~0.4.0"
